
Microsoft Visual Studio Solution File, Format Version 12.00
# Visual Studio Version 17
VisualStudioVersion = 17.8.34330.188
MinimumVisualStudioVersion = 10.0.40219.1
Project("{FAE04EC0-301F-11D3-BF4B-00C04F79EFBC}") = "api", "api.csproj", "{34C92BF0-74C1-4FFB-8C9B-F2217C9FDA9F}"
EndProject
Global
	GlobalSection(SolutionConfigurationPlatforms) = preSolution
		Debug|Any CPU = Debug|Any CPU
		Release|Any CPU = Release|Any CPU
	EndGlobalSection
	GlobalSection(ProjectConfigurationPlatforms) = postSolution
		{34C92BF0-74C1-4FFB-8C9B-F2217C9FDA9F}.Debug|Any CPU.ActiveCfg = Debug|Any CPU
		{34C92BF0-74C1-4FFB-8C9B-F2217C9FDA9F}.Debug|Any CPU.Build.0 = Debug|Any CPU
		{34C92BF0-74C1-4FFB-8C9B-F2217C9FDA9F}.Release|Any CPU.ActiveCfg = Release|Any CPU
		{34C92BF0-74C1-4FFB-8C9B-F2217C9FDA9F}.Release|Any CPU.Build.0 = Release|Any CPU
	EndGlobalSection
	GlobalSection(SolutionProperties) = preSolution
		HideSolutionNode = FALSE
	EndGlobalSection
	GlobalSection(ExtensibilityGlobals) = postSolution
		SolutionGuid = {61EEF762-552F-43EC-BF3D-AFF30F2A6DC6}
	EndGlobalSection
EndGlobal
